{
  "name": "medusa-next",
  "version": "1.0.3",
  "lockfileVersion": 3,
  "requires": true,
  "packages": {
    "": {
      "name": "medusa-next",
      "version": "1.0.3",
      "license": "UNLICENSED",
      "dependencies": {
        "@stripe/react-stripe-js": "1.11.0",
        "@stripe/stripe-js": "1.56.0"
      }
    },
    "node_modules/@stripe/react-stripe-js": {
      "version": "1.11.0",
      "resolved": "https://registry.npmjs.org/@stripe/react-stripe-js/-/react-stripe-js-1.11.0.tgz",
      "integrity": "sha512-Xt8NSMBzyUd7F5QxS89bo/NCH1ljJ9YzcoBRvRjCVkBoTEJuJH86JYcyaKGpb0ZFO6EBzFkbGhM2Gz1EbvI6IQ==",
      "peerDependencies": {
        "@stripe/stripe-js": "^1.37.0"
      }
    },
    "node_modules/@stripe/stripe-js": {
      "version": "1.56.0",
      "resolved": "https://registry.npmjs.org/@stripe/stripe-js/-/stripe-js-1.56.0.tgz",
      "integrity": "sha512-YrFfs38Ft3JPnEKX2YZz6AD5jk9gzfyf9nN0oA3DaW+MQJApHWTIz0c1MeO4YkPfFrJxgZWoXzATuC9zv5SLZw=="
    }
  },
  "dependencies": {
    "@stripe/react-stripe-js": {
      "version": "1.11.0",
      "resolved": "https://registry.npmjs.org/@stripe/react-stripe-js/-/react-stripe-js-1.11.0.tgz",
      "integrity": "sha512-Xt8NSMBzyUd7F5QxS89bo/NCH1ljJ9YzcoBRvRjCVkBoTEJuJH86JYcyaKGpb0ZFO6EBzFkbGhM2Gz1EbvI6IQ==",
      "peerDependencies": {
        "@stripe/stripe-js": "^1.37.0"
      }
    },
    "@stripe/stripe-js": {
      "version": "1.56.0",
      "resolved": "https://registry.npmjs.org/@stripe/stripe-js/-/stripe-js-1.56.0.tgz",
      "integrity": "sha512-YrFfs38Ft3JPnEKX2YZz6AD5jk9gzfyf9nN0oA3DaW+MQJApHWTIz0c1MeO4YkPfFrJxgZWoXzATuC9zv5SLZw=="
    }
  }
}
