{
  "name": "medusa-next",
  "version": "1.0.3",
  "lockfileVersion": 3,
  "requires": true,
  "packages": {
    "": {
      "name": "medusa-next",
      "version": "1.0.3",
      "license": "UNLICENSED",
      "dependencies": {
        "@stripe/react-stripe-js": "1.11.0",
        "@stripe/stripe-js": "1.56.0"
      },
      "devDependencies": {}
    },
    "node_modules/@stripe/react-stripe-js": {
      "version": "1.11.0",
      "resolved": "https://registry.npmjs.org/@stripe/react-stripe-js/-/react-stripe-js-1.11.0.tgz",
      "integrity": "sha512-Xt8NSMBzyUd7F5QxS89bo/...",
      "peerDependencies": {
        "@stripe/stripe-js": "^1.37.0"
      }
    },
    "node_modules/@stripe/stripe-js": {
      "version": "1.56.0",
      "resolved": "https://registry.npmjs.org/@stripe/stripe-js/-/stripe-js-1.56.0.tgz",
      "integrity": "sha512-YrFfs38Ft3JPnEK..."
    }
  },
  "dependencies": {
    "@stripe/react-stripe-js": {
      "version": "1.11.0",
      "resolved": "https://registry.npmjs.org/@stripe/react-stripe-js/-/react-stripe-js-1.11.0.tgz",
      "integrity": "sha512-Xt8NSMBzyUd7F5QxS89bo/...",
      "requires": {},
      "peerDependencies": {
        "@stripe/stripe-js": "^1.37.0"
      }
    },
    "@stripe/stripe-js": {
      "version": "1.56.0",
      "resolved": "https://registry.npmjs.org/@stripe/stripe-js/-/stripe-js-1.56.0.tgz",
      "integrity": "sha512-YrFfs38Ft3JPnEK...",
      "requires": {}
    }
  }
}
